
Microsoft Visual Studio Solution File, Format Version 12.00
# Visual Studio Version 16
VisualStudioVersion = 16.0.33927.289
MinimumVisualStudioVersion = 10.0.40219.1
Project("{FAE04EC0-301F-11D3-BF4B-00C04F79EFBC}") = "TablicaWynikowGry", "TablicaWynikowGry.csproj", "{8D86975B-81AF-4B2F-9976-B7B0A9F71A6F}"
EndProject
Global
	GlobalSection(SolutionConfigurationPlatforms) = preSolution
		Debug|Any CPU = Debug|Any CPU
		Release|Any CPU = Release|Any CPU
	EndGlobalSection
	GlobalSection(ProjectConfigurationPlatforms) = postSolution
		{8D86975B-81AF-4B2F-9976-B7B0A9F71A6F}.Debug|Any CPU.ActiveCfg = Debug|Any CPU
		{8D86975B-81AF-4B2F-9976-B7B0A9F71A6F}.Debug|Any CPU.Build.0 = Debug|Any CPU
		{8D86975B-81AF-4B2F-9976-B7B0A9F71A6F}.Release|Any CPU.ActiveCfg = Release|Any CPU
		{8D86975B-81AF-4B2F-9976-B7B0A9F71A6F}.Release|Any CPU.Build.0 = Release|Any CPU
	EndGlobalSection
	GlobalSection(SolutionProperties) = preSolution
		HideSolutionNode = FALSE
	EndGlobalSection
	GlobalSection(ExtensibilityGlobals) = postSolution
		SolutionGuid = {D9C6CB33-E780-47B0-B190-6FBDE2F332E7}
	EndGlobalSection
EndGlobal
